
Microsoft Visual Studio Solution File, Format Version 12.00
# Visual Studio Version 17
VisualStudioVersion = 17.0.31903.59
MinimumVisualStudioVersion = 10.0.40219.1
Project("{FAE04EC0-301F-11D3-BF4B-00C04F79EFBC}") = "AviationMathFormulas.Core", "AviationMathFormulas.Core\AviationMathFormulas.Core.csproj", "{4F863B55-786D-47A8-B5CB-63118DC6EC91}"
EndProject
Project("{FAE04EC0-301F-11D3-BF4B-00C04F79EFBC}") = "AviationMathFormulas.Tests", "AviationMathFormulas.Tests\AviationMathFormulas.Tests.csproj", "{42D008AD-605C-48D0-923D-F6D4FC822D08}"
EndProject
Global
	GlobalSection(SolutionConfigurationPlatforms) = preSolution
		Debug|Any CPU = Debug|Any CPU
		Release|Any CPU = Release|Any CPU
	EndGlobalSection
	GlobalSection(SolutionProperties) = preSolution
		HideSolutionNode = FALSE
	EndGlobalSection
	GlobalSection(ProjectConfigurationPlatforms) = postSolution
		{4F863B55-786D-47A8-B5CB-63118DC6EC91}.Debug|Any CPU.ActiveCfg = Debug|Any CPU
		{4F863B55-786D-47A8-B5CB-63118DC6EC91}.Debug|Any CPU.Build.0 = Debug|Any CPU
		{4F863B55-786D-47A8-B5CB-63118DC6EC91}.Release|Any CPU.ActiveCfg = Release|Any CPU
		{4F863B55-786D-47A8-B5CB-63118DC6EC91}.Release|Any CPU.Build.0 = Release|Any CPU
		{42D008AD-605C-48D0-923D-F6D4FC822D08}.Debug|Any CPU.ActiveCfg = Debug|Any CPU
		{42D008AD-605C-48D0-923D-F6D4FC822D08}.Debug|Any CPU.Build.0 = Debug|Any CPU
		{42D008AD-605C-48D0-923D-F6D4FC822D08}.Release|Any CPU.ActiveCfg = Release|Any CPU
		{42D008AD-605C-48D0-923D-F6D4FC822D08}.Release|Any CPU.Build.0 = Release|Any CPU
	EndGlobalSection
EndGlobal
